github.com/usbarmory/tamago v0.0.0-20220328085659-7b43dbb05006 h1:Vp/LVpD0LOEzQvOVKcxTONWtDVyYkR+RoWKLpD0HKHg=
github.com/usbarmory/tamago v0.0.0-20220328085659-7b43dbb05006/go.mod h1:Lok79mjbJnhoBGqhX5cCUsZtSemsQF5FNZW+2R1dRr8=
github.com/usbarmory/tamago v0.0.0-20220523113853-2cf301ace971 h1:GTLMWe9qe9ttgplYBOIWT7k8cj3RofAQI5I7rGDk4y8=
github.com/usbarmory/tamago v0.0.0-20220523113853-2cf301ace971/go.mod h1:Lok79mjbJnhoBGqhX5cCUsZtSemsQF5FNZW+2R1dRr8=
