github.com/usbarmory/tamago v0.0.0-20220906115450-7a50c55b679a h1:cNCfwLKEltwwtw0sAz+COEla43iyw6zIs90xSdfo2A8=
github.com/usbarmory/tamago v0.0.0-20220906115450-7a50c55b679a/go.mod h1:Lok79mjbJnhoBGqhX5cCUsZtSemsQF5FNZW+2R1dRr8=
golang.org/x/sync v0.0.0-20220601150217-0de741cfad7f h1:Ax0t5p6N38Ga0dThY21weqDEyz2oklo4IvDkpigvkD8=
golang.org/x/sync v0.0.0-20220601150217-0de741cfad7f/go.mod h1:RxMgew5VJxzue5/jJTE5uejpjVlOe/izrB70Jof72aM=
